# This file is automatically @generated by Cargo.
# It is not intended for manual editing.
version = 3

[[package]]
name = "aoc221"
version = "0.1.0"

[[package]]
name = "aoc2210"
version = "0.1.0"

[[package]]
name = "aoc2211"
version = "0.1.0"

[[package]]
name = "aoc2212"
version = "0.1.0"

[[package]]
name = "aoc2213"
version = "0.1.0"

[[package]]
name = "aoc2214"
version = "0.1.0"

[[package]]
name = "aoc2215"
version = "0.1.0"

[[package]]
name = "aoc2216"
version = "0.1.0"

[[package]]
name = "aoc2217"
version = "0.1.0"

[[package]]
name = "aoc2218"
version = "0.1.0"

[[package]]
name = "aoc2219"
version = "0.1.0"

[[package]]
name = "aoc222"
version = "0.1.0"

[[package]]
name = "aoc2220"
version = "0.1.0"

[[package]]
name = "aoc2221"
version = "0.1.0"

[[package]]
name = "aoc2222"
version = "0.1.0"

[[package]]
name = "aoc2223"
version = "0.1.0"

[[package]]
name = "aoc2224"
version = "0.1.0"

[[package]]
name = "aoc223"
version = "0.1.0"

[[package]]
name = "aoc224"
version = "0.1.0"

[[package]]
name = "aoc225"
version = "0.1.0"

[[package]]
name = "aoc226"
version = "0.1.0"

[[package]]
name = "aoc227"
version = "0.1.0"

[[package]]
name = "aoc228"
version = "0.1.0"

[[package]]
name = "aoc229"
version = "0.1.0"
